
Microsoft Visual Studio Solution File, Format Version 12.00
# Visual Studio Version 16
VisualStudioVersion = 16.0.30907.101
MinimumVisualStudioVersion = 10.0.40219.1
Project("{FAE04EC0-301F-11D3-BF4B-00C04F79EFBC}") = "HostFileUWP", "HostFileUWP\HostFileUWP.csproj", "{C57E5D12-726A-4A96-B8E5-B0D5EFBEE874}"
EndProject
Global
	GlobalSection(SolutionConfigurationPlatforms) = preSolution
		Debug|ARM = Debug|ARM
		Debug|ARM64 = Debug|ARM64
		Debug|x64 = Debug|x64
		Debug|x86 = Debug|x86
		Release|ARM = Release|ARM
		Release|ARM64 = Release|ARM64
		Release|x64 = Release|x64
		Release|x86 = Release|x86
	EndGlobalSection
	GlobalSection(ProjectConfigurationPlatforms) = postSolution
		{C57E5D12-726A-4A96-B8E5-B0D5EFBEE874}.Debug|ARM.ActiveCfg = Debug|ARM
		{C57E5D12-726A-4A96-B8E5-B0D5EFBEE874}.Debug|ARM.Build.0 = Debug|ARM
		{C57E5D12-726A-4A96-B8E5-B0D5EFBEE874}.Debug|ARM.Deploy.0 = Debug|ARM
		{C57E5D12-726A-4A96-B8E5-B0D5EFBEE874}.Debug|ARM64.ActiveCfg = Debug|ARM64
		{C57E5D12-726A-4A96-B8E5-B0D5EFBEE874}.Debug|ARM64.Build.0 = Debug|ARM64
		{C57E5D12-726A-4A96-B8E5-B0D5EFBEE874}.Debug|ARM64.Deploy.0 = Debug|ARM64
		{C57E5D12-726A-4A96-B8E5-B0D5EFBEE874}.Debug|x64.ActiveCfg = Debug|x64
		{C57E5D12-726A-4A96-B8E5-B0D5EFBEE874}.Debug|x64.Build.0 = Debug|x64
		{C57E5D12-726A-4A96-B8E5-B0D5EFBEE874}.Debug|x64.Deploy.0 = Debug|x64
		{C57E5D12-726A-4A96-B8E5-B0D5EFBEE874}.Debug|x86.ActiveCfg = Debug|x86
		{C57E5D12-726A-4A96-B8E5-B0D5EFBEE874}.Debug|x86.Build.0 = Debug|x86
		{C57E5D12-726A-4A96-B8E5-B0D5EFBEE874}.Debug|x86.Deploy.0 = Debug|x86
		{C57E5D12-726A-4A96-B8E5-B0D5EFBEE874}.Release|ARM.ActiveCfg = Release|ARM
		{C57E5D12-726A-4A96-B8E5-B0D5EFBEE874}.Release|ARM.Build.0 = Release|ARM
		{C57E5D12-726A-4A96-B8E5-B0D5EFBEE874}.Release|ARM.Deploy.0 = Release|ARM
		{C57E5D12-726A-4A96-B8E5-B0D5EFBEE874}.Release|ARM64.ActiveCfg = Release|ARM64
		{C57E5D12-726A-4A96-B8E5-B0D5EFBEE874}.Release|ARM64.Build.0 = Release|ARM64
		{C57E5D12-726A-4A96-B8E5-B0D5EFBEE874}.Release|ARM64.Deploy.0 = Release|ARM64
		{C57E5D12-726A-4A96-B8E5-B0D5EFBEE874}.Release|x64.ActiveCfg = Release|x64
		{C57E5D12-726A-4A96-B8E5-B0D5EFBEE874}.Release|x64.Build.0 = Release|x64
		{C57E5D12-726A-4A96-B8E5-B0D5EFBEE874}.Release|x64.Deploy.0 = Release|x64
		{C57E5D12-726A-4A96-B8E5-B0D5EFBEE874}.Release|x86.ActiveCfg = Release|x86
		{C57E5D12-726A-4A96-B8E5-B0D5EFBEE874}.Release|x86.Build.0 = Release|x86
		{C57E5D12-726A-4A96-B8E5-B0D5EFBEE874}.Release|x86.Deploy.0 = Release|x86
	EndGlobalSection
	GlobalSection(SolutionProperties) = preSolution
		HideSolutionNode = FALSE
	EndGlobalSection
	GlobalSection(ExtensibilityGlobals) = postSolution
		SolutionGuid = {5FFD0714-3EC6-4EA5-98F3-2863B17D10CA}
	EndGlobalSection
EndGlobal
